// !$*UTF8*$!
{
	archiveVersion = 1;
	classes = {
	};
	objectVersion = 46;
	objects = {

/* Begin PBXBuildFile section */
		9BEE61E11C5029770053BCD6 /* main.m in Sources */ = {isa = PBXBuildFile; fileRef = 9BEE61E01C5029770053BCD6 /* main.m */; };
		9BEE61E91C50299B0053BCD6 /* Person.m in Sources */ = {isa = PBXBuildFile; fileRef = 9BEE61E81C50299B0053BCD6 /* Person.m */; };
		9BEE61EC1C5029FE0053BCD6 /* Employee.m in Sources */ = {isa = PBXBuildFile; fileRef = 9BEE61EB1C5029FE0053BCD6 /* Employee.m */; };
/* End PBXBuildFile section */

/* Begin PBXCopyFilesBuildPhase section */
		9BEE61DB1C5029770053BCD6 /* CopyFiles */ = {
			isa = PBXCopyFilesBuildPhase;
			buildActionMask = 2147483647;
			dstPath = /usr/share/man/man1/;
			dstSubfolderSpec = 0;
			files = (
			);
			runOnlyForDeploymentPostprocessing = 1;
		};
/* End PBXCopyFilesBuildPhase section */

/* Begin PBXFileReference section */
		9BEE61DD1C5029770053BCD6 /* BMITime_18 */ = {isa = PBXFileReference; explicitFileType = "compiled.mach-o.executable"; includeInIndex = 0; path = BMITime_18; sourceTree = BUILT_PRODUCTS_DIR; };
		9BEE61E01C5029770053BCD6 /* main.m */ = {isa = PBXFileReference; lastKnownFileType = sourcecode.c.objc; path = main.m; sourceTree = "<group>"; };
		9BEE61E71C50299B0053BCD6 /* Person.h */ = {isa = PBXFileReference; fileEncoding = 4; lastKnownFileType = sourcecode.c.h; path = Person.h; sourceTree = "<group>"; };
		9BEE61E81C50299B0053BCD6 /* Person.m */ = {isa = PBXFileReference; fileEncoding = 4; lastKnownFileType = sourcecode.c.objc; path = Person.m; sourceTree = "<group>"; };
		9BEE61EA1C5029FE0053BCD6 /* Employee.h */ = {isa = PBXFileReference; fileEncoding = 4; lastKnownFileType = sourcecode.c.h; path = Employee.h; sourceTree = "<group>"; };
		9BEE61EB1C5029FE0053BCD6 /* Employee.m */ = {isa = PBXFileReference; fileEncoding = 4; lastKnownFileType = sourcecode.c.objc; path = Employee.m; sourceTree = "<group>"; };
/* End PBXFileReference section */

/* Begin PBXFrameworksBuildPhase section */
		9BEE61DA1C5029770053BCD6 /* Frameworks */ = {
			isa = PBXFrameworksBuildPhase;
			buildActionMask = 2147483647;
			files = (
			);
			runOnlyForDeploymentPostprocessing = 0;
		};
/* End PBXFrameworksBuildPhase section */

/* Begin PBXGroup section */
		9BEE61D41C5029770053BCD6 = {
			isa = PBXGroup;
			children = (
				9BEE61E71C50299B0053BCD6 /* Person.h */,
				9BEE61E81C50299B0053BCD6 /* Person.m */,
				9BEE61EA1C5029FE0053BCD6 /* Employee.h */,
				9BEE61EB1C5029FE0053BCD6 /* Employee.m */,
				9BEE61DF1C5029770053BCD6 /* BMITime_18 */,
				9BEE61DE1C5029770053BCD6 /* Products */,
			);
			sourceTree = "<group>";
		};
		9BEE61DE1C5029770053BCD6 /* Products */ = {
			isa = PBXGroup;
			children = (
				9BEE61DD1C5029770053BCD6 /* BMITime_18 */,
			);
			name = Products;
			sourceTree = "<group>";
		};
		9BEE61DF1C5029770053BCD6 /* BMITime_18 */ = {
			isa = PBXGroup;
			children = (
				9BEE61E01C5029770053BCD6 /* main.m */,
			);
			path = BMITime_18;
			sourceTree = "<group>";
		};
/* End PBXGroup section */

/* Begin PBXNativeTarget section */
		9BEE61DC1C5029770053BCD6 /* BMITime_18 */ = {
			isa = PBXNativeTarget;
			buildConfigurationList = 9BEE61E41C5029770053BCD6 /* Build configuration list for PBXNativeTarget "BMITime_18" */;
			buildPhases = (
				9BEE61D91C5029770053BCD6 /* Sources */,
				9BEE61DA1C5029770053BCD6 /* Frameworks */,
				9BEE61DB1C5029770053BCD6 /* CopyFiles */,
			);
			buildRules = (
			);
			dependencies = (
			);
			name = BMITime_18;
			productName = BMITime_18;
			productReference = 9BEE61DD1C5029770053BCD6 /* BMITime_18 */;
			productType = "com.apple.product-type.tool";
		};
/* End PBXNativeTarget section */

/* Begin PBXProject section */
		9BEE61D51C5029770053BCD6 /* Project object */ = {
			isa = PBXProject;
			attributes = {
				LastUpgradeCheck = 0640;
				ORGANIZATIONNAME = "Juan Pablo Peretti";
				TargetAttributes = {
					9BEE61DC1C5029770053BCD6 = {
						CreatedOnToolsVersion = 6.4;
					};
				};
			};
			buildConfigurationList = 9BEE61D81C5029770053BCD6 /* Build configuration list for PBXProject "BMITime_18" */;
			compatibilityVersion = "Xcode 3.2";
			developmentRegion = English;
			hasScannedForEncodings = 0;
			knownRegions = (
				en,
			);
			mainGroup = 9BEE61D41C5029770053BCD6;
			productRefGroup = 9BEE61DE1C5029770053BCD6 /* Products */;
			projectDirPath = "";
			projectRoot = "";
			targets = (
				9BEE61DC1C5029770053BCD6 /* BMITime_18 */,
			);
		};
/* End PBXProject section */

/* Begin PBXSourcesBuildPhase section */
		9BEE61D91C5029770053BCD6 /* Sources */ = {
			isa = PBXSourcesBuildPhase;
			buildActionMask = 2147483647;
			files = (
				9BEE61EC1C5029FE0053BCD6 /* Employee.m in Sources */,
				9BEE61E91C50299B0053BCD6 /* Person.m in Sources */,
				9BEE61E11C5029770053BCD6 /* main.m in Sources */,
			);
			runOnlyForDeploymentPostprocessing = 0;
		};
/* End PBXSourcesBuildPhase section */

/* Begin XCBuildConfiguration section */
		9BEE61E21C5029770053BCD6 /* Debug */ = {
			isa = XCBuildConfiguration;
			buildSettings = {
				ALWAYS_SEARCH_USER_PATHS = NO;
				CLANG_CXX_LANGUAGE_STANDARD = "gnu++0x";
				CLANG_CXX_LIBRARY = "libc++";
				CLANG_ENABLE_MODULES = YES;
				CLANG_ENABLE_OBJC_ARC = YES;
				CLANG_WARN_BOOL_CONVERSION = YES;
				CLANG_WARN_CONSTANT_CONVERSION = YES;
				CLANG_WARN_DIRECT_OBJC_ISA_USAGE = YES_ERROR;
				CLANG_WARN_EMPTY_BODY = YES;
				CLANG_WARN_ENUM_CONVERSION = YES;
				CLANG_WARN_INT_CONVERSION = YES;
				CLANG_WARN_OBJC_ROOT_CLASS = YES_ERROR;
				CLANG_WARN_UNREACHABLE_CODE = YES;
				CLANG_WARN__DUPLICATE_METHOD_MATCH = YES;
				COPY_PHASE_STRIP = NO;
				DEBUG_INFORMATION_FORMAT = dwarf;
				ENABLE_STRICT_OBJC_MSGSEND = YES;
				GCC_C_LANGUAGE_STANDARD = gnu99;
				GCC_DYNAMIC_NO_PIC = NO;
				GCC_NO_COMMON_BLOCKS = YES;
				GCC_OPTIMIZATION_LEVEL = 0;
				GCC_PREPROCESSOR_DEFINITIONS = (
					"DEBUG=1",
					"$(inherited)",
				);
				GCC_SYMBOLS_PRIVATE_EXTERN = NO;
				GCC_WARN_64_TO_32_BIT_CONVERSION = YES;
				GCC_WARN_ABOUT_RETURN_TYPE = YES_ERROR;
				GCC_WARN_UNDECLARED_SELECTOR = YES;
				GCC_WARN_UNINITIALIZED_AUTOS = YES_AGGRESSIVE;
				GCC_WARN_UNUSED_FUNCTION = YES;
				GCC_WARN_UNUSED_VARIABLE = YES;
				MACOSX_DEPLOYMENT_TARGET = 10.10;
				MTL_ENABLE_DEBUG_INFO = YES;
				ONLY_ACTIVE_ARCH = YES;
				SDKROOT = macosx;
			};
			name = Debug;
		};
		9BEE61E31C5029770053BCD6 /* Release */ = {
			isa = XCBuildConfiguration;
			buildSettings = {
				ALWAYS_SEARCH_USER_PATHS = NO;
				CLANG_CXX_LANGUAGE_STANDARD = "gnu++0x";
				CLANG_CXX_LIBRARY = "libc++";
				CLANG_ENABLE_MODULES = YES;
				CLANG_ENABLE_OBJC_ARC = YES;
				CLANG_WARN_BOOL_CONVERSION = YES;
				CLANG_WARN_CONSTANT_CONVERSION = YES;
				CLANG_WARN_DIRECT_OBJC_ISA_USAGE = YES_ERROR;
				CLANG_WARN_EMPTY_BODY = YES;
				CLANG_WARN_ENUM_CONVERSION = YES;
				CLANG_WARN_INT_CONVERSION = YES;
				CLANG_WARN_OBJC_ROOT_CLASS = YES_ERROR;
				CLANG_WARN_UNREACHABLE_CODE = YES;
				CLANG_WARN__DUPLICATE_METHOD_MATCH = YES;
				COPY_PHASE_STRIP = NO;
				DEBUG_INFORMATION_FORMAT = "dwarf-with-dsym";
				ENABLE_NS_ASSERTIONS = NO;
				ENABLE_STRICT_OBJC_MSGSEND = YES;
				GCC_C_LANGUAGE_STANDARD = gnu99;
				GCC_NO_COMMON_BLOCKS = YES;
				GCC_WARN_64_TO_32_BIT_CONVERSION = YES;
				GCC_WARN_ABOUT_RETURN_TYPE = YES_ERROR;
				GCC_WARN_UNDECLARED_SELECTOR = YES;
				GCC_WARN_UNINITIALIZED_AUTOS = YES_AGGRESSIVE;
				GCC_WARN_UNUSED_FUNCTION = YES;
				GCC_WARN_UNUSED_VARIABLE = YES;
				MACOSX_DEPLOYMENT_TARGET = 10.10;
				MTL_ENABLE_DEBUG_INFO = NO;
				SDKROOT = macosx;
			};
			name = Release;
		};
		9BEE61E51C5029770053BCD6 /* Debug */ = {
			isa = XCBuildConfiguration;
			buildSettings = {
				PRODUCT_NAME = "$(TARGET_NAME)";
			};
			name = Debug;
		};
		9BEE61E61C5029770053BCD6 /* Release */ = {
			isa = XCBuildConfiguration;
			buildSettings = {
				PRODUCT_NAME = "$(TARGET_NAME)";
			};
			name = Release;
		};
/* End XCBuildConfiguration section */

/* Begin XCConfigurationList section */
		9BEE61D81C5029770053BCD6 /* Build configuration list for PBXProject "BMITime_18" */ = {
			isa = XCConfigurationList;
			buildConfigurations = (
				9BEE61E21C5029770053BCD6 /* Debug */,
				9BEE61E31C5029770053BCD6 /* Release */,
			);
			defaultConfigurationIsVisible = 0;
			defaultConfigurationName = Release;
		};
		9BEE61E41C5029770053BCD6 /* Build configuration list for PBXNativeTarget "BMITime_18" */ = {
			isa = XCConfigurationList;
			buildConfigurations = (
				9BEE61E51C5029770053BCD6 /* Debug */,
				9BEE61E61C5029770053BCD6 /* Release */,
			);
			defaultConfigurationIsVisible = 0;
		};
/* End XCConfigurationList section */
	};
	rootObject = 9BEE61D51C5029770053BCD6 /* Project object */;
}
